
Microsoft Visual Studio Solution File, Format Version 11.00
# Visual Studio 2010
Project("{FAE04EC0-301F-11D3-BF4B-00C04F79EFBC}") = "Assembly-CSharp", "Assembly-CSharp.csproj", "{e8896c87-e63d-5ffe-7497-1edbbe7c0bee}"
EndProject
Project("{FAE04EC0-301F-11D3-BF4B-00C04F79EFBC}") = "Assembly-CSharp-Editor", "Assembly-CSharp-Editor.csproj", "{29a0f1de-3348-bc15-6ac6-9e4d9ab688d1}"
EndProject
Global
	GlobalSection(SolutionConfigurationPlatforms) = preSolution
		Debug|Any CPU = Debug|Any CPU
		Release|Any CPU = Release|Any CPU
	EndGlobalSection
	GlobalSection(ProjectConfigurationPlatforms) = postSolution
		{e8896c87-e63d-5ffe-7497-1edbbe7c0bee}.Debug|Any CPU.ActiveCfg = Debug|Any CPU
		{e8896c87-e63d-5ffe-7497-1edbbe7c0bee}.Debug|Any CPU.Build.0 = Debug|Any CPU
		{e8896c87-e63d-5ffe-7497-1edbbe7c0bee}.Release|Any CPU.ActiveCfg = Release|Any CPU
		{e8896c87-e63d-5ffe-7497-1edbbe7c0bee}.Release|Any CPU.Build.0 = Release|Any CPU
		{29a0f1de-3348-bc15-6ac6-9e4d9ab688d1}.Debug|Any CPU.ActiveCfg = Debug|Any CPU
		{29a0f1de-3348-bc15-6ac6-9e4d9ab688d1}.Debug|Any CPU.Build.0 = Debug|Any CPU
		{29a0f1de-3348-bc15-6ac6-9e4d9ab688d1}.Release|Any CPU.ActiveCfg = Release|Any CPU
		{29a0f1de-3348-bc15-6ac6-9e4d9ab688d1}.Release|Any CPU.Build.0 = Release|Any CPU
	EndGlobalSection
	GlobalSection(SolutionProperties) = preSolution
		HideSolutionNode = FALSE
	EndGlobalSection
EndGlobal
